// !$*UTF8*$!
{
	archiveVersion = 1;
	classes = {
	};
	objectVersion = 46;
	objects = {

/* Begin PBXBuildFile section */
		968A18F558C6D7D92B2D1223 /* Pods_Recs.framework in Frameworks */ = {isa = PBXBuildFile; fileRef = 8AE82AEB9F3842CDA7502BFB /* Pods_Recs.framework */; };
		E75135821E725918004AE32D /* AppDelegate.swift in Sources */ = {isa = PBXBuildFile; fileRef = E75135811E725918004AE32D /* AppDelegate.swift */; };
		E75135841E725918004AE32D /* FeedController.swift in Sources */ = {isa = PBXBuildFile; fileRef = E75135831E725918004AE32D /* FeedController.swift */; };
		E75135861E725918004AE32D /* MyProfileController.swift in Sources */ = {isa = PBXBuildFile; fileRef = E75135851E725918004AE32D /* MyProfileController.swift */; };
		E75135891E725918004AE32D /* Main.storyboard in Resources */ = {isa = PBXBuildFile; fileRef = E75135871E725918004AE32D /* Main.storyboard */; };
		E751358B1E725918004AE32D /* Assets.xcassets in Resources */ = {isa = PBXBuildFile; fileRef = E751358A1E725918004AE32D /* Assets.xcassets */; };
		E751358E1E725918004AE32D /* LaunchScreen.storyboard in Resources */ = {isa = PBXBuildFile; fileRef = E751358C1E725918004AE32D /* LaunchScreen.storyboard */; };
		E75135991E725918004AE32D /* RecsTests.swift in Sources */ = {isa = PBXBuildFile; fileRef = E75135981E725918004AE32D /* RecsTests.swift */; };
		E75135A41E725918004AE32D /* RecsUITests.swift in Sources */ = {isa = PBXBuildFile; fileRef = E75135A31E725918004AE32D /* RecsUITests.swift */; };
		E7B58F741E734DFA00327941 /* SavedRecsController.swift in Sources */ = {isa = PBXBuildFile; fileRef = E7B58F731E734DFA00327941 /* SavedRecsController.swift */; };
		E7B58F761E7351DB00327941 /* WriteRecController.swift in Sources */ = {isa = PBXBuildFile; fileRef = E7B58F751E7351DB00327941 /* WriteRecController.swift */; };
		E7B58F781E73529E00327941 /* Rec.swift in Sources */ = {isa = PBXBuildFile; fileRef = E7B58F771E73529E00327941 /* Rec.swift */; };
		E7B58F7A1E7353A800327941 /* SavedRec.swift in Sources */ = {isa = PBXBuildFile; fileRef = E7B58F791E7353A800327941 /* SavedRec.swift */; };
		E7B58F7C1E73542A00327941 /* User.swift in Sources */ = {isa = PBXBuildFile; fileRef = E7B58F7B1E73542A00327941 /* User.swift */; };
/* End PBXBuildFile section */

/* Begin PBXContainerItemProxy section */
		E75135951E725918004AE32D /* PBXContainerItemProxy */ = {
			isa = PBXContainerItemProxy;
			containerPortal = E75135761E725918004AE32D /* Project object */;
			proxyType = 1;
			remoteGlobalIDString = E751357D1E725918004AE32D;
			remoteInfo = Recs;
		};
		E75135A01E725918004AE32D /* PBXContainerItemProxy */ = {
			isa = PBXContainerItemProxy;
			containerPortal = E75135761E725918004AE32D /* Project object */;
			proxyType = 1;
			remoteGlobalIDString = E751357D1E725918004AE32D;
			remoteInfo = Recs;
		};
/* End PBXContainerItemProxy section */

/* Begin PBXFileReference section */
		111FAF090F01ED2A4EF63AD3 /* Pods-Recs.release.xcconfig */ = {isa = PBXFileReference; includeInIndex = 1; lastKnownFileType = text.xcconfig; name = "Pods-Recs.release.xcconfig"; path = "Pods/Target Support Files/Pods-Recs/Pods-Recs.release.xcconfig"; sourceTree = "<group>"; };
		65320BEB9BF1A5E71AD80A19 /* Pods-Recs.debug.xcconfig */ = {isa = PBXFileReference; includeInIndex = 1; lastKnownFileType = text.xcconfig; name = "Pods-Recs.debug.xcconfig"; path = "Pods/Target Support Files/Pods-Recs/Pods-Recs.debug.xcconfig"; sourceTree = "<group>"; };
		8AE82AEB9F3842CDA7502BFB /* Pods_Recs.framework */ = {isa = PBXFileReference; explicitFileType = wrapper.framework; includeInIndex = 0; path = Pods_Recs.framework; sourceTree = BUILT_PRODUCTS_DIR; };
		E751357E1E725918004AE32D /* Recs.app */ = {isa = PBXFileReference; explicitFileType = wrapper.application; includeInIndex = 0; path = Recs.app; sourceTree = BUILT_PRODUCTS_DIR; };
		E75135811E725918004AE32D /* AppDelegate.swift */ = {isa = PBXFileReference; lastKnownFileType = sourcecode.swift; path = AppDelegate.swift; sourceTree = "<group>"; };
		E75135831E725918004AE32D /* FeedController.swift */ = {isa = PBXFileReference; lastKnownFileType = sourcecode.swift; path = FeedController.swift; sourceTree = "<group>"; };
		E75135851E725918004AE32D /* MyProfileController.swift */ = {isa = PBXFileReference; lastKnownFileType = sourcecode.swift; path = MyProfileController.swift; sourceTree = "<group>"; };
		E75135881E725918004AE32D /* Base */ = {isa = PBXFileReference; lastKnownFileType = file.storyboard; name = Base; path = Base.lproj/Main.storyboard; sourceTree = "<group>"; };
		E751358A1E725918004AE32D /* Assets.xcassets */ = {isa = PBXFileReference; lastKnownFileType = folder.assetcatalog; path = Assets.xcassets; sourceTree = "<group>"; };
		E751358D1E725918004AE32D /* Base */ = {isa = PBXFileReference; lastKnownFileType = file.storyboard; name = Base; path = Base.lproj/LaunchScreen.storyboard; sourceTree = "<group>"; };
		E751358F1E725918004AE32D /* Info.plist */ = {isa = PBXFileReference; lastKnownFileType = text.plist.xml; path = Info.plist; sourceTree = "<group>"; };
		E75135941E725918004AE32D /* RecsTests.xctest */ = {isa = PBXFileReference; explicitFileType = wrapper.cfbundle; includeInIndex = 0; path = RecsTests.xctest; sourceTree = BUILT_PRODUCTS_DIR; };
		E75135981E725918004AE32D /* RecsTests.swift */ = {isa = PBXFileReference; lastKnownFileType = sourcecode.swift; path = RecsTests.swift; sourceTree = "<group>"; };
		E751359A1E725918004AE32D /* Info.plist */ = {isa = PBXFileReference; lastKnownFileType = text.plist.xml; path = Info.plist; sourceTree = "<group>"; };
		E751359F1E725918004AE32D /* RecsUITests.xctest */ = {isa = PBXFileReference; explicitFileType = wrapper.cfbundle; includeInIndex = 0; path = RecsUITests.xctest; sourceTree = BUILT_PRODUCTS_DIR; };
		E75135A31E725918004AE32D /* RecsUITests.swift */ = {isa = PBXFileReference; lastKnownFileType = sourcecode.swift; path = RecsUITests.swift; sourceTree = "<group>"; };
		E75135A51E725918004AE32D /* Info.plist */ = {isa = PBXFileReference; lastKnownFileType = text.plist.xml; path = Info.plist; sourceTree = "<group>"; };
		E7B58F731E734DFA00327941 /* SavedRecsController.swift */ = {isa = PBXFileReference; fileEncoding = 4; lastKnownFileType = sourcecode.swift; path = SavedRecsController.swift; sourceTree = "<group>"; };
		E7B58F751E7351DB00327941 /* WriteRecController.swift */ = {isa = PBXFileReference; fileEncoding = 4; lastKnownFileType = sourcecode.swift; path = WriteRecController.swift; sourceTree = "<group>"; };
		E7B58F771E73529E00327941 /* Rec.swift */ = {isa = PBXFileReference; fileEncoding = 4; lastKnownFileType = sourcecode.swift; path = Rec.swift; sourceTree = "<group>"; };
		E7B58F791E7353A800327941 /* SavedRec.swift */ = {isa = PBXFileReference; fileEncoding = 4; lastKnownFileType = sourcecode.swift; path = SavedRec.swift; sourceTree = "<group>"; };
		E7B58F7B1E73542A00327941 /* User.swift */ = {isa = PBXFileReference; fileEncoding = 4; lastKnownFileType = sourcecode.swift; path = User.swift; sourceTree = "<group>"; };
/* End PBXFileReference section */

/* Begin PBXFrameworksBuildPhase section */
		E751357B1E725918004AE32D /* Frameworks */ = {
			isa = PBXFrameworksBuildPhase;
			buildActionMask = 2147483647;
			files = (
				968A18F558C6D7D92B2D1223 /* Pods_Recs.framework in Frameworks */,
			);
			runOnlyForDeploymentPostprocessing = 0;
		};
		E75135911E725918004AE32D /* Frameworks */ = {
			isa = PBXFrameworksBuildPhase;
			buildActionMask = 2147483647;
			files = (
			);
			runOnlyForDeploymentPostprocessing = 0;
		};
		E751359C1E725918004AE32D /* Frameworks */ = {
			isa = PBXFrameworksBuildPhase;
			buildActionMask = 2147483647;
			files = (
			);
			runOnlyForDeploymentPostprocessing = 0;
		};
/* End PBXFrameworksBuildPhase section */

/* Begin PBXGroup section */
		BDF57813224CC9652FBC059B /* Pods */ = {
			isa = PBXGroup;
			children = (
				65320BEB9BF1A5E71AD80A19 /* Pods-Recs.debug.xcconfig */,
				111FAF090F01ED2A4EF63AD3 /* Pods-Recs.release.xcconfig */,
			);
			name = Pods;
			sourceTree = "<group>";
		};
		E75135751E725918004AE32D = {
			isa = PBXGroup;
			children = (
				E75135801E725918004AE32D /* Recs */,
				E75135971E725918004AE32D /* RecsTests */,
				E75135A21E725918004AE32D /* RecsUITests */,
				E751357F1E725918004AE32D /* Products */,
				BDF57813224CC9652FBC059B /* Pods */,
				FBF111ED98D4EAD98B504736 /* Frameworks */,
			);
			sourceTree = "<group>";
		};
		E751357F1E725918004AE32D /* Products */ = {
			isa = PBXGroup;
			children = (
				E751357E1E725918004AE32D /* Recs.app */,
				E75135941E725918004AE32D /* RecsTests.xctest */,
				E751359F1E725918004AE32D /* RecsUITests.xctest */,
			);
			name = Products;
			sourceTree = "<group>";
		};
		E75135801E725918004AE32D /* Recs */ = {
			isa = PBXGroup;
			children = (
				E7B58F721E734D8B00327941 /* model */,
				E7B58F711E734D7600327941 /* controller */,
				E75135811E725918004AE32D /* AppDelegate.swift */,
				E75135871E725918004AE32D /* Main.storyboard */,
				E751358A1E725918004AE32D /* Assets.xcassets */,
				E751358C1E725918004AE32D /* LaunchScreen.storyboard */,
				E751358F1E725918004AE32D /* Info.plist */,
			);
			path = Recs;
			sourceTree = "<group>";
		};
		E75135971E725918004AE32D /* RecsTests */ = {
			isa = PBXGroup;
			children = (
				E75135981E725918004AE32D /* RecsTests.swift */,
				E751359A1E725918004AE32D /* Info.plist */,
			);
			path = RecsTests;
			sourceTree = "<group>";
		};
		E75135A21E725918004AE32D /* RecsUITests */ = {
			isa = PBXGroup;
			children = (
				E75135A31E725918004AE32D /* RecsUITests.swift */,
				E75135A51E725918004AE32D /* Info.plist */,
			);
			path = RecsUITests;
			sourceTree = "<group>";
		};
		E7B58F711E734D7600327941 /* controller */ = {
			isa = PBXGroup;
			children = (
				E75135831E725918004AE32D /* FeedController.swift */,
				E75135851E725918004AE32D /* MyProfileController.swift */,
				E7B58F731E734DFA00327941 /* SavedRecsController.swift */,
				E7B58F751E7351DB00327941 /* WriteRecController.swift */,
			);
			path = controller;
			sourceTree = "<group>";
		};
		E7B58F721E734D8B00327941 /* model */ = {
			isa = PBXGroup;
			children = (
				E7B58F771E73529E00327941 /* Rec.swift */,
				E7B58F791E7353A800327941 /* SavedRec.swift */,
				E7B58F7B1E73542A00327941 /* User.swift */,
			);
			path = model;
			sourceTree = "<group>";
		};
		FBF111ED98D4EAD98B504736 /* Frameworks */ = {
			isa = PBXGroup;
			children = (
				8AE82AEB9F3842CDA7502BFB /* Pods_Recs.framework */,
			);
			name = Frameworks;
			sourceTree = "<group>";
		};
/* End PBXGroup section */

/* Begin PBXNativeTarget section */
		E751357D1E725918004AE32D /* Recs */ = {
			isa = PBXNativeTarget;
			buildConfigurationList = E75135A81E725918004AE32D /* Build configuration list for PBXNativeTarget "Recs" */;
			buildPhases = (
				DCA620CDBA1DA93A72DB2918 /* [CP] Check Pods Manifest.lock */,
				E751357A1E725918004AE32D /* Sources */,
				E751357B1E725918004AE32D /* Frameworks */,
				E751357C1E725918004AE32D /* Resources */,
				0378B38FC2FE6778875DCB6A /* [CP] Embed Pods Frameworks */,
				AB893829B6D1230E50A7B320 /* [CP] Copy Pods Resources */,
			);
			buildRules = (
			);
			dependencies = (
			);
			name = Recs;
			productName = Recs;
			productReference = E751357E1E725918004AE32D /* Recs.app */;
			productType = "com.apple.product-type.application";
		};
		E75135931E725918004AE32D /* RecsTests */ = {
			isa = PBXNativeTarget;
			buildConfigurationList = E75135AB1E725918004AE32D /* Build configuration list for PBXNativeTarget "RecsTests" */;
			buildPhases = (
				E75135901E725918004AE32D /* Sources */,
				E75135911E725918004AE32D /* Frameworks */,
				E75135921E725918004AE32D /* Resources */,
			);
			buildRules = (
			);
			dependencies = (
				E75135961E725918004AE32D /* PBXTargetDependency */,
			);
			name = RecsTests;
			productName = RecsTests;
			productReference = E75135941E725918004AE32D /* RecsTests.xctest */;
			productType = "com.apple.product-type.bundle.unit-test";
		};
		E751359E1E725918004AE32D /* RecsUITests */ = {
			isa = PBXNativeTarget;
			buildConfigurationList = E75135AE1E725918004AE32D /* Build configuration list for PBXNativeTarget "RecsUITests" */;
			buildPhases = (
				E751359B1E725918004AE32D /* Sources */,
				E751359C1E725918004AE32D /* Frameworks */,
				E751359D1E725918004AE32D /* Resources */,
			);
			buildRules = (
			);
			dependencies = (
				E75135A11E725918004AE32D /* PBXTargetDependency */,
			);
			name = RecsUITests;
			productName = RecsUITests;
			productReference = E751359F1E725918004AE32D /* RecsUITests.xctest */;
			productType = "com.apple.product-type.bundle.ui-testing";
		};
/* End PBXNativeTarget section */

/* Begin PBXProject section */
		E75135761E725918004AE32D /* Project object */ = {
			isa = PBXProject;
			attributes = {
				LastSwiftUpdateCheck = 0820;
				LastUpgradeCheck = 0820;
				ORGANIZATIONNAME = "Christopher Paschal";
				TargetAttributes = {
					E751357D1E725918004AE32D = {
						CreatedOnToolsVersion = 8.2.1;
						ProvisioningStyle = Automatic;
					};
					E75135931E725918004AE32D = {
						CreatedOnToolsVersion = 8.2.1;
						ProvisioningStyle = Automatic;
						TestTargetID = E751357D1E725918004AE32D;
					};
					E751359E1E725918004AE32D = {
						CreatedOnToolsVersion = 8.2.1;
						ProvisioningStyle = Automatic;
						TestTargetID = E751357D1E725918004AE32D;
					};
				};
			};
			buildConfigurationList = E75135791E725918004AE32D /* Build configuration list for PBXProject "Recs" */;
			compatibilityVersion = "Xcode 3.2";
			developmentRegion = English;
			hasScannedForEncodings = 0;
			knownRegions = (
				en,
				Base,
			);
			mainGroup = E75135751E725918004AE32D;
			productRefGroup = E751357F1E725918004AE32D /* Products */;
			projectDirPath = "";
			projectRoot = "";
			targets = (
				E751357D1E725918004AE32D /* Recs */,
				E75135931E725918004AE32D /* RecsTests */,
				E751359E1E725918004AE32D /* RecsUITests */,
			);
		};
/* End PBXProject section */

/* Begin PBXResourcesBuildPhase section */
		E751357C1E725918004AE32D /* Resources */ = {
			isa = PBXResourcesBuildPhase;
			buildActionMask = 2147483647;
			files = (
				E751358E1E725918004AE32D /* LaunchScreen.storyboard in Resources */,
				E751358B1E725918004AE32D /* Assets.xcassets in Resources */,
				E75135891E725918004AE32D /* Main.storyboard in Resources */,
			);
			runOnlyForDeploymentPostprocessing = 0;
		};
		E75135921E725918004AE32D /* Resources */ = {
			isa = PBXResourcesBuildPhase;
			buildActionMask = 2147483647;
			files = (
			);
			runOnlyForDeploymentPostprocessing = 0;
		};
		E751359D1E725918004AE32D /* Resources */ = {
			isa = PBXResourcesBuildPhase;
			buildActionMask = 2147483647;
			files = (
			);
			runOnlyForDeploymentPostprocessing = 0;
		};
/* End PBXResourcesBuildPhase section */

/* Begin PBXShellScriptBuildPhase section */
		0378B38FC2FE6778875DCB6A /* [CP] Embed Pods Frameworks */ = {
			isa = PBXShellScriptBuildPhase;
			buildActionMask = 2147483647;
			files = (
			);
			inputPaths = (
			);
			name = "[CP] Embed Pods Frameworks";
			outputPaths = (
			);
			runOnlyForDeploymentPostprocessing = 0;
			shellPath = /bin/sh;
			shellScript = "\"${SRCROOT}/Pods/Target Support Files/Pods-Recs/Pods-Recs-frameworks.sh\"\n";
			showEnvVarsInLog = 0;
		};
		AB893829B6D1230E50A7B320 /* [CP] Copy Pods Resources */ = {
			isa = PBXShellScriptBuildPhase;
			buildActionMask = 2147483647;
			files = (
			);
			inputPaths = (
			);
			name = "[CP] Copy Pods Resources";
			outputPaths = (
			);
			runOnlyForDeploymentPostprocessing = 0;
			shellPath = /bin/sh;
			shellScript = "\"${SRCROOT}/Pods/Target Support Files/Pods-Recs/Pods-Recs-resources.sh\"\n";
			showEnvVarsInLog = 0;
		};
		DCA620CDBA1DA93A72DB2918 /* [CP] Check Pods Manifest.lock */ = {
			isa = PBXShellScriptBuildPhase;
			buildActionMask = 2147483647;
			files = (
			);
			inputPaths = (
			);
			name = "[CP] Check Pods Manifest.lock";
			outputPaths = (
			);
			runOnlyForDeploymentPostprocessing = 0;
			shellPath = /bin/sh;
			shellScript = "diff \"${PODS_ROOT}/../Podfile.lock\" \"${PODS_ROOT}/Manifest.lock\" > /dev/null\nif [ $? != 0 ] ; then\n    # print error to STDERR\n    echo \"error: The sandbox is not in sync with the Podfile.lock. Run 'pod install' or update your CocoaPods installation.\" >&2\n    exit 1\nfi\n";
			showEnvVarsInLog = 0;
		};
/* End PBXShellScriptBuildPhase section */

/* Begin PBXSourcesBuildPhase section */
		E751357A1E725918004AE32D /* Sources */ = {
			isa = PBXSourcesBuildPhase;
			buildActionMask = 2147483647;
			files = (
				E7B58F7A1E7353A800327941 /* SavedRec.swift in Sources */,
				E7B58F741E734DFA00327941 /* SavedRecsController.swift in Sources */,
				E75135861E725918004AE32D /* MyProfileController.swift in Sources */,
				E7B58F781E73529E00327941 /* Rec.swift in Sources */,
				E75135821E725918004AE32D /* AppDelegate.swift in Sources */,
				E7B58F761E7351DB00327941 /* WriteRecController.swift in Sources */,
				E7B58F7C1E73542A00327941 /* User.swift in Sources */,
				E75135841E725918004AE32D /* FeedController.swift in Sources */,
			);
			runOnlyForDeploymentPostprocessing = 0;
		};
		E75135901E725918004AE32D /* Sources */ = {
			isa = PBXSourcesBuildPhase;
			buildActionMask = 2147483647;
			files = (
				E75135991E725918004AE32D /* RecsTests.swift in Sources */,
			);
			runOnlyForDeploymentPostprocessing = 0;
		};
		E751359B1E725918004AE32D /* Sources */ = {
			isa = PBXSourcesBuildPhase;
			buildActionMask = 2147483647;
			files = (
				E75135A41E725918004AE32D /* RecsUITests.swift in Sources */,
			);
			runOnlyForDeploymentPostprocessing = 0;
		};
/* End PBXSourcesBuildPhase section */

/* Begin PBXTargetDependency section */
		E75135961E725918004AE32D /* PBXTargetDependency */ = {
			isa = PBXTargetDependency;
			target = E751357D1E725918004AE32D /* Recs */;
			targetProxy = E75135951E725918004AE32D /* PBXContainerItemProxy */;
		};
		E75135A11E725918004AE32D /* PBXTargetDependency */ = {
			isa = PBXTargetDependency;
			target = E751357D1E725918004AE32D /* Recs */;
			targetProxy = E75135A01E725918004AE32D /* PBXContainerItemProxy */;
		};
/* End PBXTargetDependency section */

/* Begin PBXVariantGroup section */
		E75135871E725918004AE32D /* Main.storyboard */ = {
			isa = PBXVariantGroup;
			children = (
				E75135881E725918004AE32D /* Base */,
			);
			name = Main.storyboard;
			sourceTree = "<group>";
		};
		E751358C1E725918004AE32D /* LaunchScreen.storyboard */ = {
			isa = PBXVariantGroup;
			children = (
				E751358D1E725918004AE32D /* Base */,
			);
			name = LaunchScreen.storyboard;
			sourceTree = "<group>";
		};
/* End PBXVariantGroup section */

/* Begin XCBuildConfiguration section */
		E75135A61E725918004AE32D /* Debug */ = {
			isa = XCBuildConfiguration;
			buildSettings = {
				ALWAYS_SEARCH_USER_PATHS = NO;
				CLANG_ANALYZER_NONNULL = YES;
				CLANG_CXX_LANGUAGE_STANDARD = "gnu++0x";
				CLANG_CXX_LIBRARY = "libc++";
				CLANG_ENABLE_MODULES = YES;
				CLANG_ENABLE_OBJC_ARC = YES;
				CLANG_WARN_BOOL_CONVERSION = YES;
				CLANG_WARN_CONSTANT_CONVERSION = YES;
				CLANG_WARN_DIRECT_OBJC_ISA_USAGE = YES_ERROR;
				CLANG_WARN_DOCUMENTATION_COMMENTS = YES;
				CLANG_WARN_EMPTY_BODY = YES;
				CLANG_WARN_ENUM_CONVERSION = YES;
				CLANG_WARN_INFINITE_RECURSION = YES;
				CLANG_WARN_INT_CONVERSION = YES;
				CLANG_WARN_OBJC_ROOT_CLASS = YES_ERROR;
				CLANG_WARN_SUSPICIOUS_MOVE = YES;
				CLANG_WARN_UNREACHABLE_CODE = YES;
				CLANG_WARN__DUPLICATE_METHOD_MATCH = YES;
				"CODE_SIGN_IDENTITY[sdk=iphoneos*]" = "iPhone Developer";
				COPY_PHASE_STRIP = NO;
				DEBUG_INFORMATION_FORMAT = dwarf;
				ENABLE_STRICT_OBJC_MSGSEND = YES;
				ENABLE_TESTABILITY = YES;
				GCC_C_LANGUAGE_STANDARD = gnu99;
				GCC_DYNAMIC_NO_PIC = NO;
				GCC_NO_COMMON_BLOCKS = YES;
				GCC_OPTIMIZATION_LEVEL = 0;
				GCC_PREPROCESSOR_DEFINITIONS = (
					"DEBUG=1",
					"$(inherited)",
				);
				GCC_WARN_64_TO_32_BIT_CONVERSION = YES;
				GCC_WARN_ABOUT_RETURN_TYPE = YES_ERROR;
				GCC_WARN_UNDECLARED_SELECTOR = YES;
				GCC_WARN_UNINITIALIZED_AUTOS = YES_AGGRESSIVE;
				GCC_WARN_UNUSED_FUNCTION = YES;
				GCC_WARN_UNUSED_VARIABLE = YES;
				IPHONEOS_DEPLOYMENT_TARGET = 10.2;
				MTL_ENABLE_DEBUG_INFO = YES;
				ONLY_ACTIVE_ARCH = YES;
				SDKROOT = iphoneos;
				SWIFT_ACTIVE_COMPILATION_CONDITIONS = DEBUG;
				SWIFT_OPTIMIZATION_LEVEL = "-Onone";
			};
			name = Debug;
		};
		E75135A71E725918004AE32D /* Release */ = {
			isa = XCBuildConfiguration;
			buildSettings = {
				ALWAYS_SEARCH_USER_PATHS = NO;
				CLANG_ANALYZER_NONNULL = YES;
				CLANG_CXX_LANGUAGE_STANDARD = "gnu++0x";
				CLANG_CXX_LIBRARY = "libc++";
				CLANG_ENABLE_MODULES = YES;
				CLANG_ENABLE_OBJC_ARC = YES;
				CLANG_WARN_BOOL_CONVERSION = YES;
				CLANG_WARN_CONSTANT_CONVERSION = YES;
				CLANG_WARN_DIRECT_OBJC_ISA_USAGE = YES_ERROR;
				CLANG_WARN_DOCUMENTATION_COMMENTS = YES;
				CLANG_WARN_EMPTY_BODY = YES;
				CLANG_WARN_ENUM_CONVERSION = YES;
				CLANG_WARN_INFINITE_RECURSION = YES;
				CLANG_WARN_INT_CONVERSION = YES;
				CLANG_WARN_OBJC_ROOT_CLASS = YES_ERROR;
				CLANG_WARN_SUSPICIOUS_MOVE = YES;
				CLANG_WARN_UNREACHABLE_CODE = YES;
				CLANG_WARN__DUPLICATE_METHOD_MATCH = YES;
				"CODE_SIGN_IDENTITY[sdk=iphoneos*]" = "iPhone Developer";
				COPY_PHASE_STRIP = NO;
				DEBUG_INFORMATION_FORMAT = "dwarf-with-dsym";
				ENABLE_NS_ASSERTIONS = NO;
				ENABLE_STRICT_OBJC_MSGSEND = YES;
				GCC_C_LANGUAGE_STANDARD = gnu99;
				GCC_NO_COMMON_BLOCKS = YES;
				GCC_WARN_64_TO_32_BIT_CONVERSION = YES;
				GCC_WARN_ABOUT_RETURN_TYPE = YES_ERROR;
				GCC_WARN_UNDECLARED_SELECTOR = YES;
				GCC_WARN_UNINITIALIZED_AUTOS = YES_AGGRESSIVE;
				GCC_WARN_UNUSED_FUNCTION = YES;
				GCC_WARN_UNUSED_VARIABLE = YES;
				IPHONEOS_DEPLOYMENT_TARGET = 10.2;
				MTL_ENABLE_DEBUG_INFO = NO;
				SDKROOT = iphoneos;
				SWIFT_OPTIMIZATION_LEVEL = "-Owholemodule";
				VALIDATE_PRODUCT = YES;
			};
			name = Release;
		};
		E75135A91E725918004AE32D /* Debug */ = {
			isa = XCBuildConfiguration;
			baseConfigurationReference = 65320BEB9BF1A5E71AD80A19 /* Pods-Recs.debug.xcconfig */;
			buildSettings = {
				ASSETCATALOG_COMPILER_APPICON_NAME = AppIcon;
				INFOPLIST_FILE = Recs/Info.plist;
				LD_RUNPATH_SEARCH_PATHS = "$(inherited) @executable_path/Frameworks";
				PRODUCT_BUNDLE_IDENTIFIER = com.christopherpaschal.Recs;
				PRODUCT_NAME = "$(TARGET_NAME)";
				SWIFT_VERSION = 3.0;
			};
			name = Debug;
		};
		E75135AA1E725918004AE32D /* Release */ = {
			isa = XCBuildConfiguration;
			baseConfigurationReference = 111FAF090F01ED2A4EF63AD3 /* Pods-Recs.release.xcconfig */;
			buildSettings = {
				ASSETCATALOG_COMPILER_APPICON_NAME = AppIcon;
				INFOPLIST_FILE = Recs/Info.plist;
				LD_RUNPATH_SEARCH_PATHS = "$(inherited) @executable_path/Frameworks";
				PRODUCT_BUNDLE_IDENTIFIER = com.christopherpaschal.Recs;
				PRODUCT_NAME = "$(TARGET_NAME)";
				SWIFT_VERSION = 3.0;
			};
			name = Release;
		};
		E75135AC1E725918004AE32D /* Debug */ = {
			isa = XCBuildConfiguration;
			buildSettings = {
				ALWAYS_EMBED_SWIFT_STANDARD_LIBRARIES = YES;
				BUNDLE_LOADER = "$(TEST_HOST)";
				INFOPLIST_FILE = RecsTests/Info.plist;
				LD_RUNPATH_SEARCH_PATHS = "$(inherited) @executable_path/Frameworks @loader_path/Frameworks";
				PRODUCT_BUNDLE_IDENTIFIER = com.christopherpaschal.RecsTests;
				PRODUCT_NAME = "$(TARGET_NAME)";
				SWIFT_VERSION = 3.0;
				TEST_HOST = "$(BUILT_PRODUCTS_DIR)/Recs.app/Recs";
			};
			name = Debug;
		};
		E75135AD1E725918004AE32D /* Release */ = {
			isa = XCBuildConfiguration;
			buildSettings = {
				ALWAYS_EMBED_SWIFT_STANDARD_LIBRARIES = YES;
				BUNDLE_LOADER = "$(TEST_HOST)";
				INFOPLIST_FILE = RecsTests/Info.plist;
				LD_RUNPATH_SEARCH_PATHS = "$(inherited) @executable_path/Frameworks @loader_path/Frameworks";
				PRODUCT_BUNDLE_IDENTIFIER = com.christopherpaschal.RecsTests;
				PRODUCT_NAME = "$(TARGET_NAME)";
				SWIFT_VERSION = 3.0;
				TEST_HOST = "$(BUILT_PRODUCTS_DIR)/Recs.app/Recs";
			};
			name = Release;
		};
		E75135AF1E725918004AE32D /* Debug */ = {
			isa = XCBuildConfiguration;
			buildSettings = {
				ALWAYS_EMBED_SWIFT_STANDARD_LIBRARIES = YES;
				INFOPLIST_FILE = RecsUITests/Info.plist;
				LD_RUNPATH_SEARCH_PATHS = "$(inherited) @executable_path/Frameworks @loader_path/Frameworks";
				PRODUCT_BUNDLE_IDENTIFIER = com.christopherpaschal.RecsUITests;
				PRODUCT_NAME = "$(TARGET_NAME)";
				SWIFT_VERSION = 3.0;
				TEST_TARGET_NAME = Recs;
			};
			name = Debug;
		};
		E75135B01E725918004AE32D /* Release */ = {
			isa = XCBuildConfiguration;
			buildSettings = {
				ALWAYS_EMBED_SWIFT_STANDARD_LIBRARIES = YES;
				INFOPLIST_FILE = RecsUITests/Info.plist;
				LD_RUNPATH_SEARCH_PATHS = "$(inherited) @executable_path/Frameworks @loader_path/Frameworks";
				PRODUCT_BUNDLE_IDENTIFIER = com.christopherpaschal.RecsUITests;
				PRODUCT_NAME = "$(TARGET_NAME)";
				SWIFT_VERSION = 3.0;
				TEST_TARGET_NAME = Recs;
			};
			name = Release;
		};
/* End XCBuildConfiguration section */

/* Begin XCConfigurationList section */
		E75135791E725918004AE32D /* Build configuration list for PBXProject "Recs" */ = {
			isa = XCConfigurationList;
			buildConfigurations = (
				E75135A61E725918004AE32D /* Debug */,
				E75135A71E725918004AE32D /* Release */,
			);
			defaultConfigurationIsVisible = 0;
			defaultConfigurationName = Release;
		};
		E75135A81E725918004AE32D /* Build configuration list for PBXNativeTarget "Recs" */ = {
			isa = XCConfigurationList;
			buildConfigurations = (
				E75135A91E725918004AE32D /* Debug */,
				E75135AA1E725918004AE32D /* Release */,
			);
			defaultConfigurationIsVisible = 0;
			defaultConfigurationName = Release;
		};
		E75135AB1E725918004AE32D /* Build configuration list for PBXNativeTarget "RecsTests" */ = {
			isa = XCConfigurationList;
			buildConfigurations = (
				E75135AC1E725918004AE32D /* Debug */,
				E75135AD1E725918004AE32D /* Release */,
			);
			defaultConfigurationIsVisible = 0;
			defaultConfigurationName = Release;
		};
		E75135AE1E725918004AE32D /* Build configuration list for PBXNativeTarget "RecsUITests" */ = {
			isa = XCConfigurationList;
			buildConfigurations = (
				E75135AF1E725918004AE32D /* Debug */,
				E75135B01E725918004AE32D /* Release */,
			);
			defaultConfigurationIsVisible = 0;
			defaultConfigurationName = Release;
		};
/* End XCConfigurationList section */
	};
	rootObject = E75135761E725918004AE32D /* Project object */;
}
