PODS:
  - AWSCognito (2.5.2):
    - AWSCore (= 2.5.2)
  - AWSCognitoIdentityProvider (2.5.2):
    - AWSCore (= 2.5.2)
  - AWSCore (2.5.2)
  - AWSDynamoDB (2.5.2):
    - AWSCore (= 2.5.2)

DEPENDENCIES:
  - AWSCognito
  - AWSCognitoIdentityProvider
  - AWSDynamoDB

SPEC CHECKSUMS:
  AWSCognito: a29c52e3a3d4988f01b449c8b229a51b73d1c1bf
  AWSCognitoIdentityProvider: 496a5d717180e4127f038be3c6494bc59e8ff4dd
  AWSCore: b2fe455c2c7d6653521238c5b0b0ddb67ec4f063
  AWSDynamoDB: 311ba51593276a198f8a611c9e89706bd0fe740f

PODFILE CHECKSUM: 0c3f9cbc4fdd90be8e365c8da44fe27a6d73e8ca

COCOAPODS: 1.2.0
